
Microsoft Visual Studio Solution File, Format Version 12.00
# Visual Studio 15
VisualStudioVersion = 15.0.28010.2026
MinimumVisualStudioVersion = 10.0.40219.1
Project("{FAE04EC0-301F-11D3-BF4B-00C04F79EFBC}") = "XmlTiedostonLuku", "XmlTiedostonLuku\XmlTiedostonLuku.csproj", "{3D2CC354-1D52-4E83-A411-93242124ED3A}"
EndProject
Global
	GlobalSection(SolutionConfigurationPlatforms) = preSolution
		Debug|Any CPU = Debug|Any CPU
		Release|Any CPU = Release|Any CPU
	EndGlobalSection
	GlobalSection(ProjectConfigurationPlatforms) = postSolution
		{3D2CC354-1D52-4E83-A411-93242124ED3A}.Debug|Any CPU.ActiveCfg = Debug|Any CPU
		{3D2CC354-1D52-4E83-A411-93242124ED3A}.Debug|Any CPU.Build.0 = Debug|Any CPU
		{3D2CC354-1D52-4E83-A411-93242124ED3A}.Release|Any CPU.ActiveCfg = Release|Any CPU
		{3D2CC354-1D52-4E83-A411-93242124ED3A}.Release|Any CPU.Build.0 = Release|Any CPU
	EndGlobalSection
	GlobalSection(SolutionProperties) = preSolution
		HideSolutionNode = FALSE
	EndGlobalSection
	GlobalSection(ExtensibilityGlobals) = postSolution
		SolutionGuid = {033038B0-8818-49B3-BCE5-3579B9B053C1}
	EndGlobalSection
EndGlobal
